
Microsoft Visual Studio Solution File, Format Version 12.00
Project("{FAE04EC0-301F-11D3-BF4B-00C04F79EFBC}") = "DockerProject", "DockerProject.csproj", "{BDD7F34E-E881-4F0C-81E1-0FEA77018310}"
EndProject
Global
	GlobalSection(SolutionConfigurationPlatforms) = preSolution
		Debug|Any CPU = Debug|Any CPU
		Release|Any CPU = Release|Any CPU
	EndGlobalSection
	GlobalSection(ProjectConfigurationPlatforms) = postSolution
		{BDD7F34E-E881-4F0C-81E1-0FEA77018310}.Debug|Any CPU.ActiveCfg = Debug|Any CPU
		{BDD7F34E-E881-4F0C-81E1-0FEA77018310}.Debug|Any CPU.Build.0 = Debug|Any CPU
		{BDD7F34E-E881-4F0C-81E1-0FEA77018310}.Release|Any CPU.ActiveCfg = Release|Any CPU
		{BDD7F34E-E881-4F0C-81E1-0FEA77018310}.Release|Any CPU.Build.0 = Release|Any CPU
	EndGlobalSection
EndGlobal
